
Microsoft Visual Studio Solution File, Format Version 11.00
# Visual Studio 2010
Project("{E24C65DC-7377-472B-9ABA-BC803B73C61A}") = "tomas", ".", "{2E3D3DB4-1F63-4273-82E7-17FE878334BA}"
	ProjectSection(WebsiteProperties) = preProject
		TargetFrameworkMoniker = ".NETFramework,Version%3Dv4.0"
		Debug.AspNetCompiler.VirtualPath = "/tomas"
		Debug.AspNetCompiler.PhysicalPath = "..\..\..\..\Desktop\www\tomas\"
		Debug.AspNetCompiler.TargetPath = "PrecompiledWeb\tomas\"
		Debug.AspNetCompiler.Updateable = "true"
		Debug.AspNetCompiler.ForceOverwrite = "true"
		Debug.AspNetCompiler.FixedNames = "false"
		Debug.AspNetCompiler.Debug = "True"
		Release.AspNetCompiler.VirtualPath = "/tomas"
		Release.AspNetCompiler.PhysicalPath = "..\..\..\..\Desktop\www\tomas\"
		Release.AspNetCompiler.TargetPath = "PrecompiledWeb\tomas\"
		Release.AspNetCompiler.Updateable = "true"
		Release.AspNetCompiler.ForceOverwrite = "true"
		Release.AspNetCompiler.FixedNames = "false"
		Release.AspNetCompiler.Debug = "False"
		VWDPort = "58931"
	EndProjectSection
EndProject
Global
	GlobalSection(SolutionConfigurationPlatforms) = preSolution
		Debug|Any CPU = Debug|Any CPU
	EndGlobalSection
	GlobalSection(ProjectConfigurationPlatforms) = postSolution
		{2E3D3DB4-1F63-4273-82E7-17FE878334BA}.Debug|Any CPU.ActiveCfg = Debug|Any CPU
		{2E3D3DB4-1F63-4273-82E7-17FE878334BA}.Debug|Any CPU.Build.0 = Debug|Any CPU
	EndGlobalSection
	GlobalSection(SolutionProperties) = preSolution
		HideSolutionNode = FALSE
	EndGlobalSection
EndGlobal
